// !$*UTF8*$!
{
	archiveVersion = 1;
	classes = {
	};
	objectVersion = 46;
	objects = {

/* Begin PBXBuildFile section */
		8D4320711AF6351F0035FA17 /* SavedMemeTableViewCell.swift in Sources */ = {isa = PBXBuildFile; fileRef = 8D4320701AF6351F0035FA17 /* SavedMemeTableViewCell.swift */; };
		8D4320731AF674660035FA17 /* SavedMemeCollectionViewCell.swift in Sources */ = {isa = PBXBuildFile; fileRef = 8D4320721AF674660035FA17 /* SavedMemeCollectionViewCell.swift */; };
		8DF135D41AED33BA00C96D31 /* AppDelegate.swift in Sources */ = {isa = PBXBuildFile; fileRef = 8DF135D31AED33BA00C96D31 /* AppDelegate.swift */; };
		8DF135D61AED33BA00C96D31 /* MemeEditorViewController.swift in Sources */ = {isa = PBXBuildFile; fileRef = 8DF135D51AED33BA00C96D31 /* MemeEditorViewController.swift */; };
		8DF135D91AED33BA00C96D31 /* Main.storyboard in Resources */ = {isa = PBXBuildFile; fileRef = 8DF135D71AED33BA00C96D31 /* Main.storyboard */; };
		8DF135DB1AED33BA00C96D31 /* Images.xcassets in Resources */ = {isa = PBXBuildFile; fileRef = 8DF135DA1AED33BA00C96D31 /* Images.xcassets */; };
		8DF135DE1AED33BA00C96D31 /* LaunchScreen.xib in Resources */ = {isa = PBXBuildFile; fileRef = 8DF135DC1AED33BA00C96D31 /* LaunchScreen.xib */; };
		8DF135EA1AED33BA00C96D31 /* MemeMeTests.swift in Sources */ = {isa = PBXBuildFile; fileRef = 8DF135E91AED33BA00C96D31 /* MemeMeTests.swift */; };
		8DF135F41AED862800C96D31 /* Meme.swift in Sources */ = {isa = PBXBuildFile; fileRef = 8DF135F31AED862800C96D31 /* Meme.swift */; };
		8DFF54A81AF03192001D8286 /* SavedMemeTableViewController.swift in Sources */ = {isa = PBXBuildFile; fileRef = 8DFF54A71AF03192001D8286 /* SavedMemeTableViewController.swift */; };
		8DFF54AA1AF031A7001D8286 /* SavedMemeCollectionViewController.swift in Sources */ = {isa = PBXBuildFile; fileRef = 8DFF54A91AF031A7001D8286 /* SavedMemeCollectionViewController.swift */; };
/* End PBXBuildFile section */

/* Begin PBXContainerItemProxy section */
		8DF135E41AED33BA00C96D31 /* PBXContainerItemProxy */ = {
			isa = PBXContainerItemProxy;
			containerPortal = 8DF135C61AED33BA00C96D31 /* Project object */;
			proxyType = 1;
			remoteGlobalIDString = 8DF135CD1AED33BA00C96D31;
			remoteInfo = MemeMe;
		};
/* End PBXContainerItemProxy section */

/* Begin PBXFileReference section */
		8D4320701AF6351F0035FA17 /* SavedMemeTableViewCell.swift */ = {isa = PBXFileReference; fileEncoding = 4; lastKnownFileType = sourcecode.swift; path = SavedMemeTableViewCell.swift; sourceTree = "<group>"; };
		8D4320721AF674660035FA17 /* SavedMemeCollectionViewCell.swift */ = {isa = PBXFileReference; fileEncoding = 4; lastKnownFileType = sourcecode.swift; path = SavedMemeCollectionViewCell.swift; sourceTree = "<group>"; };
		8DF135CE1AED33BA00C96D31 /* MemeMe.app */ = {isa = PBXFileReference; explicitFileType = wrapper.application; includeInIndex = 0; path = MemeMe.app; sourceTree = BUILT_PRODUCTS_DIR; };
		8DF135D21AED33BA00C96D31 /* Info.plist */ = {isa = PBXFileReference; lastKnownFileType = text.plist.xml; path = Info.plist; sourceTree = "<group>"; };
		8DF135D31AED33BA00C96D31 /* AppDelegate.swift */ = {isa = PBXFileReference; lastKnownFileType = sourcecode.swift; path = AppDelegate.swift; sourceTree = "<group>"; };
		8DF135D51AED33BA00C96D31 /* MemeEditorViewController.swift */ = {isa = PBXFileReference; lastKnownFileType = sourcecode.swift; path = MemeEditorViewController.swift; sourceTree = "<group>"; };
		8DF135D81AED33BA00C96D31 /* Base */ = {isa = PBXFileReference; lastKnownFileType = file.storyboard; name = Base; path = Base.lproj/Main.storyboard; sourceTree = "<group>"; };
		8DF135DA1AED33BA00C96D31 /* Images.xcassets */ = {isa = PBXFileReference; lastKnownFileType = folder.assetcatalog; path = Images.xcassets; sourceTree = "<group>"; };
		8DF135DD1AED33BA00C96D31 /* Base */ = {isa = PBXFileReference; lastKnownFileType = file.xib; name = Base; path = Base.lproj/LaunchScreen.xib; sourceTree = "<group>"; };
		8DF135E31AED33BA00C96D31 /* MemeMeTests.xctest */ = {isa = PBXFileReference; explicitFileType = wrapper.cfbundle; includeInIndex = 0; path = MemeMeTests.xctest; sourceTree = BUILT_PRODUCTS_DIR; };
		8DF135E81AED33BA00C96D31 /* Info.plist */ = {isa = PBXFileReference; lastKnownFileType = text.plist.xml; path = Info.plist; sourceTree = "<group>"; };
		8DF135E91AED33BA00C96D31 /* MemeMeTests.swift */ = {isa = PBXFileReference; lastKnownFileType = sourcecode.swift; path = MemeMeTests.swift; sourceTree = "<group>"; };
		8DF135F31AED862800C96D31 /* Meme.swift */ = {isa = PBXFileReference; fileEncoding = 4; lastKnownFileType = sourcecode.swift; path = Meme.swift; sourceTree = "<group>"; };
		8DFF54A71AF03192001D8286 /* SavedMemeTableViewController.swift */ = {isa = PBXFileReference; fileEncoding = 4; lastKnownFileType = sourcecode.swift; path = SavedMemeTableViewController.swift; sourceTree = "<group>"; };
		8DFF54A91AF031A7001D8286 /* SavedMemeCollectionViewController.swift */ = {isa = PBXFileReference; fileEncoding = 4; lastKnownFileType = sourcecode.swift; path = SavedMemeCollectionViewController.swift; sourceTree = "<group>"; };
/* End PBXFileReference section */

/* Begin PBXFrameworksBuildPhase section */
		8DF135CB1AED33BA00C96D31 /* Frameworks */ = {
			isa = PBXFrameworksBuildPhase;
			buildActionMask = 2147483647;
			files = (
			);
			runOnlyForDeploymentPostprocessing = 0;
		};
		8DF135E01AED33BA00C96D31 /* Frameworks */ = {
			isa = PBXFrameworksBuildPhase;
			buildActionMask = 2147483647;
			files = (
			);
			runOnlyForDeploymentPostprocessing = 0;
		};
/* End PBXFrameworksBuildPhase section */

/* Begin PBXGroup section */
		8DF135C51AED33BA00C96D31 = {
			isa = PBXGroup;
			children = (
				8DF135D01AED33BA00C96D31 /* MemeMe */,
				8DF135E61AED33BA00C96D31 /* MemeMeTests */,
				8DF135CF1AED33BA00C96D31 /* Products */,
			);
			sourceTree = "<group>";
		};
		8DF135CF1AED33BA00C96D31 /* Products */ = {
			isa = PBXGroup;
			children = (
				8DF135CE1AED33BA00C96D31 /* MemeMe.app */,
				8DF135E31AED33BA00C96D31 /* MemeMeTests.xctest */,
			);
			name = Products;
			sourceTree = "<group>";
		};
		8DF135D01AED33BA00C96D31 /* MemeMe */ = {
			isa = PBXGroup;
			children = (
				8DF135D31AED33BA00C96D31 /* AppDelegate.swift */,
				8DF135D51AED33BA00C96D31 /* MemeEditorViewController.swift */,
				8DF135D71AED33BA00C96D31 /* Main.storyboard */,
				8D4320701AF6351F0035FA17 /* SavedMemeTableViewCell.swift */,
				8DFF54A71AF03192001D8286 /* SavedMemeTableViewController.swift */,
				8DFF54A91AF031A7001D8286 /* SavedMemeCollectionViewController.swift */,
				8D4320721AF674660035FA17 /* SavedMemeCollectionViewCell.swift */,
				8DF135F31AED862800C96D31 /* Meme.swift */,
				8DF135DA1AED33BA00C96D31 /* Images.xcassets */,
				8DF135DC1AED33BA00C96D31 /* LaunchScreen.xib */,
				8DF135D11AED33BA00C96D31 /* Supporting Files */,
			);
			path = MemeMe;
			sourceTree = "<group>";
		};
		8DF135D11AED33BA00C96D31 /* Supporting Files */ = {
			isa = PBXGroup;
			children = (
				8DF135D21AED33BA00C96D31 /* Info.plist */,
			);
			name = "Supporting Files";
			sourceTree = "<group>";
		};
		8DF135E61AED33BA00C96D31 /* MemeMeTests */ = {
			isa = PBXGroup;
			children = (
				8DF135E91AED33BA00C96D31 /* MemeMeTests.swift */,
				8DF135E71AED33BA00C96D31 /* Supporting Files */,
			);
			path = MemeMeTests;
			sourceTree = "<group>";
		};
		8DF135E71AED33BA00C96D31 /* Supporting Files */ = {
			isa = PBXGroup;
			children = (
				8DF135E81AED33BA00C96D31 /* Info.plist */,
			);
			name = "Supporting Files";
			sourceTree = "<group>";
		};
/* End PBXGroup section */

/* Begin PBXNativeTarget section */
		8DF135CD1AED33BA00C96D31 /* MemeMe */ = {
			isa = PBXNativeTarget;
			buildConfigurationList = 8DF135ED1AED33BA00C96D31 /* Build configuration list for PBXNativeTarget "MemeMe" */;
			buildPhases = (
				8DF135CA1AED33BA00C96D31 /* Sources */,
				8DF135CB1AED33BA00C96D31 /* Frameworks */,
				8DF135CC1AED33BA00C96D31 /* Resources */,
			);
			buildRules = (
			);
			dependencies = (
			);
			name = MemeMe;
			productName = MemeMe;
			productReference = 8DF135CE1AED33BA00C96D31 /* MemeMe.app */;
			productType = "com.apple.product-type.application";
		};
		8DF135E21AED33BA00C96D31 /* MemeMeTests */ = {
			isa = PBXNativeTarget;
			buildConfigurationList = 8DF135F01AED33BA00C96D31 /* Build configuration list for PBXNativeTarget "MemeMeTests" */;
			buildPhases = (
				8DF135DF1AED33BA00C96D31 /* Sources */,
				8DF135E01AED33BA00C96D31 /* Frameworks */,
				8DF135E11AED33BA00C96D31 /* Resources */,
			);
			buildRules = (
			);
			dependencies = (
				8DF135E51AED33BA00C96D31 /* PBXTargetDependency */,
			);
			name = MemeMeTests;
			productName = MemeMeTests;
			productReference = 8DF135E31AED33BA00C96D31 /* MemeMeTests.xctest */;
			productType = "com.apple.product-type.bundle.unit-test";
		};
/* End PBXNativeTarget section */

/* Begin PBXProject section */
		8DF135C61AED33BA00C96D31 /* Project object */ = {
			isa = PBXProject;
			attributes = {
				LastUpgradeCheck = 0630;
				ORGANIZATIONNAME = "Andrea Bigagli";
				TargetAttributes = {
					8DF135CD1AED33BA00C96D31 = {
						CreatedOnToolsVersion = 6.3.1;
					};
					8DF135E21AED33BA00C96D31 = {
						CreatedOnToolsVersion = 6.3.1;
						TestTargetID = 8DF135CD1AED33BA00C96D31;
					};
				};
			};
			buildConfigurationList = 8DF135C91AED33BA00C96D31 /* Build configuration list for PBXProject "MemeMe" */;
			compatibilityVersion = "Xcode 3.2";
			developmentRegion = English;
			hasScannedForEncodings = 0;
			knownRegions = (
				en,
				Base,
			);
			mainGroup = 8DF135C51AED33BA00C96D31;
			productRefGroup = 8DF135CF1AED33BA00C96D31 /* Products */;
			projectDirPath = "";
			projectRoot = "";
			targets = (
				8DF135CD1AED33BA00C96D31 /* MemeMe */,
				8DF135E21AED33BA00C96D31 /* MemeMeTests */,
			);
		};
/* End PBXProject section */

/* Begin PBXResourcesBuildPhase section */
		8DF135CC1AED33BA00C96D31 /* Resources */ = {
			isa = PBXResourcesBuildPhase;
			buildActionMask = 2147483647;
			files = (
				8DF135D91AED33BA00C96D31 /* Main.storyboard in Resources */,
				8DF135DE1AED33BA00C96D31 /* LaunchScreen.xib in Resources */,
				8DF135DB1AED33BA00C96D31 /* Images.xcassets in Resources */,
			);
			runOnlyForDeploymentPostprocessing = 0;
		};
		8DF135E11AED33BA00C96D31 /* Resources */ = {
			isa = PBXResourcesBuildPhase;
			buildActionMask = 2147483647;
			files = (
			);
			runOnlyForDeploymentPostprocessing = 0;
		};
/* End PBXResourcesBuildPhase section */

/* Begin PBXSourcesBuildPhase section */
		8DF135CA1AED33BA00C96D31 /* Sources */ = {
			isa = PBXSourcesBuildPhase;
			buildActionMask = 2147483647;
			files = (
				8DF135F41AED862800C96D31 /* Meme.swift in Sources */,
				8D4320711AF6351F0035FA17 /* SavedMemeTableViewCell.swift in Sources */,
				8DFF54AA1AF031A7001D8286 /* SavedMemeCollectionViewController.swift in Sources */,
				8DF135D61AED33BA00C96D31 /* MemeEditorViewController.swift in Sources */,
				8D4320731AF674660035FA17 /* SavedMemeCollectionViewCell.swift in Sources */,
				8DF135D41AED33BA00C96D31 /* AppDelegate.swift in Sources */,
				8DFF54A81AF03192001D8286 /* SavedMemeTableViewController.swift in Sources */,
			);
			runOnlyForDeploymentPostprocessing = 0;
		};
		8DF135DF1AED33BA00C96D31 /* Sources */ = {
			isa = PBXSourcesBuildPhase;
			buildActionMask = 2147483647;
			files = (
				8DF135EA1AED33BA00C96D31 /* MemeMeTests.swift in Sources */,
			);
			runOnlyForDeploymentPostprocessing = 0;
		};
/* End PBXSourcesBuildPhase section */

/* Begin PBXTargetDependency section */
		8DF135E51AED33BA00C96D31 /* PBXTargetDependency */ = {
			isa = PBXTargetDependency;
			target = 8DF135CD1AED33BA00C96D31 /* MemeMe */;
			targetProxy = 8DF135E41AED33BA00C96D31 /* PBXContainerItemProxy */;
		};
/* End PBXTargetDependency section */

/* Begin PBXVariantGroup section */
		8DF135D71AED33BA00C96D31 /* Main.storyboard */ = {
			isa = PBXVariantGroup;
			children = (
				8DF135D81AED33BA00C96D31 /* Base */,
			);
			name = Main.storyboard;
			sourceTree = "<group>";
		};
		8DF135DC1AED33BA00C96D31 /* LaunchScreen.xib */ = {
			isa = PBXVariantGroup;
			children = (
				8DF135DD1AED33BA00C96D31 /* Base */,
			);
			name = LaunchScreen.xib;
			sourceTree = "<group>";
		};
/* End PBXVariantGroup section */

/* Begin XCBuildConfiguration section */
		8DF135EB1AED33BA00C96D31 /* Debug */ = {
			isa = XCBuildConfiguration;
			buildSettings = {
				ALWAYS_SEARCH_USER_PATHS = NO;
				CLANG_CXX_LANGUAGE_STANDARD = "gnu++0x";
				CLANG_CXX_LIBRARY = "libc++";
				CLANG_ENABLE_MODULES = YES;
				CLANG_ENABLE_OBJC_ARC = YES;
				CLANG_WARN_BOOL_CONVERSION = YES;
				CLANG_WARN_CONSTANT_CONVERSION = YES;
				CLANG_WARN_DIRECT_OBJC_ISA_USAGE = YES_ERROR;
				CLANG_WARN_EMPTY_BODY = YES;
				CLANG_WARN_ENUM_CONVERSION = YES;
				CLANG_WARN_INT_CONVERSION = YES;
				CLANG_WARN_OBJC_ROOT_CLASS = YES_ERROR;
				CLANG_WARN_UNREACHABLE_CODE = YES;
				CLANG_WARN__DUPLICATE_METHOD_MATCH = YES;
				"CODE_SIGN_IDENTITY[sdk=iphoneos*]" = "iPhone Developer";
				COPY_PHASE_STRIP = NO;
				DEBUG_INFORMATION_FORMAT = "dwarf-with-dsym";
				ENABLE_STRICT_OBJC_MSGSEND = YES;
				GCC_C_LANGUAGE_STANDARD = gnu99;
				GCC_DYNAMIC_NO_PIC = NO;
				GCC_NO_COMMON_BLOCKS = YES;
				GCC_OPTIMIZATION_LEVEL = 0;
				GCC_PREPROCESSOR_DEFINITIONS = (
					"DEBUG=1",
					"$(inherited)",
				);
				GCC_SYMBOLS_PRIVATE_EXTERN = NO;
				GCC_WARN_64_TO_32_BIT_CONVERSION = YES;
				GCC_WARN_ABOUT_RETURN_TYPE = YES_ERROR;
				GCC_WARN_UNDECLARED_SELECTOR = YES;
				GCC_WARN_UNINITIALIZED_AUTOS = YES_AGGRESSIVE;
				GCC_WARN_UNUSED_FUNCTION = YES;
				GCC_WARN_UNUSED_VARIABLE = YES;
				IPHONEOS_DEPLOYMENT_TARGET = 8.3;
				MTL_ENABLE_DEBUG_INFO = YES;
				ONLY_ACTIVE_ARCH = YES;
				SDKROOT = iphoneos;
				SWIFT_OPTIMIZATION_LEVEL = "-Onone";
			};
			name = Debug;
		};
		8DF135EC1AED33BA00C96D31 /* Release */ = {
			isa = XCBuildConfiguration;
			buildSettings = {
				ALWAYS_SEARCH_USER_PATHS = NO;
				CLANG_CXX_LANGUAGE_STANDARD = "gnu++0x";
				CLANG_CXX_LIBRARY = "libc++";
				CLANG_ENABLE_MODULES = YES;
				CLANG_ENABLE_OBJC_ARC = YES;
				CLANG_WARN_BOOL_CONVERSION = YES;
				CLANG_WARN_CONSTANT_CONVERSION = YES;
				CLANG_WARN_DIRECT_OBJC_ISA_USAGE = YES_ERROR;
				CLANG_WARN_EMPTY_BODY = YES;
				CLANG_WARN_ENUM_CONVERSION = YES;
				CLANG_WARN_INT_CONVERSION = YES;
				CLANG_WARN_OBJC_ROOT_CLASS = YES_ERROR;
				CLANG_WARN_UNREACHABLE_CODE = YES;
				CLANG_WARN__DUPLICATE_METHOD_MATCH = YES;
				"CODE_SIGN_IDENTITY[sdk=iphoneos*]" = "iPhone Developer";
				COPY_PHASE_STRIP = NO;
				DEBUG_INFORMATION_FORMAT = "dwarf-with-dsym";
				ENABLE_NS_ASSERTIONS = NO;
				ENABLE_STRICT_OBJC_MSGSEND = YES;
				GCC_C_LANGUAGE_STANDARD = gnu99;
				GCC_NO_COMMON_BLOCKS = YES;
				GCC_WARN_64_TO_32_BIT_CONVERSION = YES;
				GCC_WARN_ABOUT_RETURN_TYPE = YES_ERROR;
				GCC_WARN_UNDECLARED_SELECTOR = YES;
				GCC_WARN_UNINITIALIZED_AUTOS = YES_AGGRESSIVE;
				GCC_WARN_UNUSED_FUNCTION = YES;
				GCC_WARN_UNUSED_VARIABLE = YES;
				IPHONEOS_DEPLOYMENT_TARGET = 8.3;
				MTL_ENABLE_DEBUG_INFO = NO;
				SDKROOT = iphoneos;
				VALIDATE_PRODUCT = YES;
			};
			name = Release;
		};
		8DF135EE1AED33BA00C96D31 /* Debug */ = {
			isa = XCBuildConfiguration;
			buildSettings = {
				ASSETCATALOG_COMPILER_APPICON_NAME = AppIcon;
				INFOPLIST_FILE = MemeMe/Info.plist;
				LD_RUNPATH_SEARCH_PATHS = "$(inherited) @executable_path/Frameworks";
				PRODUCT_NAME = "$(TARGET_NAME)";
			};
			name = Debug;
		};
		8DF135EF1AED33BA00C96D31 /* Release */ = {
			isa = XCBuildConfiguration;
			buildSettings = {
				ASSETCATALOG_COMPILER_APPICON_NAME = AppIcon;
				INFOPLIST_FILE = MemeMe/Info.plist;
				LD_RUNPATH_SEARCH_PATHS = "$(inherited) @executable_path/Frameworks";
				PRODUCT_NAME = "$(TARGET_NAME)";
			};
			name = Release;
		};
		8DF135F11AED33BA00C96D31 /* Debug */ = {
			isa = XCBuildConfiguration;
			buildSettings = {
				BUNDLE_LOADER = "$(TEST_HOST)";
				FRAMEWORK_SEARCH_PATHS = (
					"$(SDKROOT)/Developer/Library/Frameworks",
					"$(inherited)",
				);
				GCC_PREPROCESSOR_DEFINITIONS = (
					"DEBUG=1",
					"$(inherited)",
				);
				INFOPLIST_FILE = MemeMeTests/Info.plist;
				LD_RUNPATH_SEARCH_PATHS = "$(inherited) @executable_path/Frameworks @loader_path/Frameworks";
				PRODUCT_NAME = "$(TARGET_NAME)";
				TEST_HOST = "$(BUILT_PRODUCTS_DIR)/MemeMe.app/MemeMe";
			};
			name = Debug;
		};
		8DF135F21AED33BA00C96D31 /* Release */ = {
			isa = XCBuildConfiguration;
			buildSettings = {
				BUNDLE_LOADER = "$(TEST_HOST)";
				FRAMEWORK_SEARCH_PATHS = (
					"$(SDKROOT)/Developer/Library/Frameworks",
					"$(inherited)",
				);
				INFOPLIST_FILE = MemeMeTests/Info.plist;
				LD_RUNPATH_SEARCH_PATHS = "$(inherited) @executable_path/Frameworks @loader_path/Frameworks";
				PRODUCT_NAME = "$(TARGET_NAME)";
				TEST_HOST = "$(BUILT_PRODUCTS_DIR)/MemeMe.app/MemeMe";
			};
			name = Release;
		};
/* End XCBuildConfiguration section */

/* Begin XCConfigurationList section */
		8DF135C91AED33BA00C96D31 /* Build configuration list for PBXProject "MemeMe" */ = {
			isa = XCConfigurationList;
			buildConfigurations = (
				8DF135EB1AED33BA00C96D31 /* Debug */,
				8DF135EC1AED33BA00C96D31 /* Release */,
			);
			defaultConfigurationIsVisible = 0;
			defaultConfigurationName = Release;
		};
		8DF135ED1AED33BA00C96D31 /* Build configuration list for PBXNativeTarget "MemeMe" */ = {
			isa = XCConfigurationList;
			buildConfigurations = (
				8DF135EE1AED33BA00C96D31 /* Debug */,
				8DF135EF1AED33BA00C96D31 /* Release */,
			);
			defaultConfigurationIsVisible = 0;
			defaultConfigurationName = Release;
		};
		8DF135F01AED33BA00C96D31 /* Build configuration list for PBXNativeTarget "MemeMeTests" */ = {
			isa = XCConfigurationList;
			buildConfigurations = (
				8DF135F11AED33BA00C96D31 /* Debug */,
				8DF135F21AED33BA00C96D31 /* Release */,
			);
			defaultConfigurationIsVisible = 0;
			defaultConfigurationName = Release;
		};
/* End XCConfigurationList section */
	};
	rootObject = 8DF135C61AED33BA00C96D31 /* Project object */;
}
